
Microsoft Visual Studio Solution File, Format Version 12.00
# Visual Studio Version 17
VisualStudioVersion = 17.6.33723.286
MinimumVisualStudioVersion = 10.0.40219.1
Project("{FAE04EC0-301F-11D3-BF4B-00C04F79EFBC}") = "RbxFPS+", "RbxFPS+.csproj", "{251ADB3E-0D2C-4DC8-82C9-96358182E246}"
EndProject
Global
	GlobalSection(SolutionConfigurationPlatforms) = preSolution
		Debug|Any CPU = Debug|Any CPU
		Release|Any CPU = Release|Any CPU
	EndGlobalSection
	GlobalSection(ProjectConfigurationPlatforms) = postSolution
		{251ADB3E-0D2C-4DC8-82C9-96358182E246}.Debug|Any CPU.ActiveCfg = Debug|Any CPU
		{251ADB3E-0D2C-4DC8-82C9-96358182E246}.Debug|Any CPU.Build.0 = Debug|Any CPU
		{251ADB3E-0D2C-4DC8-82C9-96358182E246}.Release|Any CPU.ActiveCfg = Release|Any CPU
		{251ADB3E-0D2C-4DC8-82C9-96358182E246}.Release|Any CPU.Build.0 = Release|Any CPU
	EndGlobalSection
	GlobalSection(SolutionProperties) = preSolution
		HideSolutionNode = FALSE
	EndGlobalSection
	GlobalSection(ExtensibilityGlobals) = postSolution
		SolutionGuid = {EE838A76-D860-4BAF-A6B1-1E2207AD012A}
	EndGlobalSection
EndGlobal
